
Microsoft Visual Studio Solution File, Format Version 12.00
# Visual Studio Version 17
VisualStudioVersion = 17.10.35122.118
MinimumVisualStudioVersion = 10.0.40219.1
Project("{FAE04EC0-301F-11D3-BF4B-00C04F79EFBC}") = "calculator", "calculator\calculator.csproj", "{4D29E955-2F7E-4AD2-863A-E65CDB17326D}"
EndProject
Global
	GlobalSection(SolutionConfigurationPlatforms) = preSolution
		Debug|Any CPU = Debug|Any CPU
		Release|Any CPU = Release|Any CPU
	EndGlobalSection
	GlobalSection(ProjectConfigurationPlatforms) = postSolution
		{4D29E955-2F7E-4AD2-863A-E65CDB17326D}.Debug|Any CPU.ActiveCfg = Debug|Any CPU
		{4D29E955-2F7E-4AD2-863A-E65CDB17326D}.Debug|Any CPU.Build.0 = Debug|Any CPU
		{4D29E955-2F7E-4AD2-863A-E65CDB17326D}.Release|Any CPU.ActiveCfg = Release|Any CPU
		{4D29E955-2F7E-4AD2-863A-E65CDB17326D}.Release|Any CPU.Build.0 = Release|Any CPU
	EndGlobalSection
	GlobalSection(SolutionProperties) = preSolution
		HideSolutionNode = FALSE
	EndGlobalSection
	GlobalSection(ExtensibilityGlobals) = postSolution
		SolutionGuid = {3FCA9CC0-7CBD-4BC8-97B4-0C5D94968B73}
	EndGlobalSection
EndGlobal
